
Microsoft Visual Studio Solution File, Format Version 12.00
# Visual Studio Version 16
VisualStudioVersion = 16.0.31613.86
MinimumVisualStudioVersion = 10.0.40219.1
Project("{FAE04EC0-301F-11D3-BF4B-00C04F79EFBC}") = "HelloWorld", "HelloWorld\HelloWorld.csproj", "{BF34EE62-0DE0-4BDF-AA04-7787D0E9F54A}"
EndProject
Global
	GlobalSection(SolutionConfigurationPlatforms) = preSolution
		Debug|Any CPU = Debug|Any CPU
		Release|Any CPU = Release|Any CPU
	EndGlobalSection
	GlobalSection(ProjectConfigurationPlatforms) = postSolution
		{BF34EE62-0DE0-4BDF-AA04-7787D0E9F54A}.Debug|Any CPU.ActiveCfg = Debug|Any CPU
		{BF34EE62-0DE0-4BDF-AA04-7787D0E9F54A}.Debug|Any CPU.Build.0 = Debug|Any CPU
		{BF34EE62-0DE0-4BDF-AA04-7787D0E9F54A}.Release|Any CPU.ActiveCfg = Release|Any CPU
		{BF34EE62-0DE0-4BDF-AA04-7787D0E9F54A}.Release|Any CPU.Build.0 = Release|Any CPU
	EndGlobalSection
	GlobalSection(SolutionProperties) = preSolution
		HideSolutionNode = FALSE
	EndGlobalSection
	GlobalSection(ExtensibilityGlobals) = postSolution
		SolutionGuid = {E4E0FA12-A530-448A-9541-4A5316B0C945}
	EndGlobalSection
EndGlobal
