
Microsoft Visual Studio Solution File, Format Version 12.00
# Visual Studio Version 16
VisualStudioVersion = 16.0.31613.86
MinimumVisualStudioVersion = 10.0.40219.1
Project("{FAE04EC0-301F-11D3-BF4B-00C04F79EFBC}") = "FormalNeuron", "FormalNeuron\FormalNeuron.csproj", "{F2594869-DFC9-43DC-A9D5-30FF0E59751F}"
EndProject
Global
	GlobalSection(SolutionConfigurationPlatforms) = preSolution
		Debug|Any CPU = Debug|Any CPU
		Release|Any CPU = Release|Any CPU
	EndGlobalSection
	GlobalSection(ProjectConfigurationPlatforms) = postSolution
		{F2594869-DFC9-43DC-A9D5-30FF0E59751F}.Debug|Any CPU.ActiveCfg = Debug|Any CPU
		{F2594869-DFC9-43DC-A9D5-30FF0E59751F}.Debug|Any CPU.Build.0 = Debug|Any CPU
		{F2594869-DFC9-43DC-A9D5-30FF0E59751F}.Release|Any CPU.ActiveCfg = Release|Any CPU
		{F2594869-DFC9-43DC-A9D5-30FF0E59751F}.Release|Any CPU.Build.0 = Release|Any CPU
	EndGlobalSection
	GlobalSection(SolutionProperties) = preSolution
		HideSolutionNode = FALSE
	EndGlobalSection
	GlobalSection(ExtensibilityGlobals) = postSolution
		SolutionGuid = {16673799-B31B-460B-A2FB-8A69C13C53AB}
	EndGlobalSection
EndGlobal
